
Microsoft Visual Studio Solution File, Format Version 12.00
# Visual Studio Version 17
VisualStudioVersion = 17.10.35201.131
MinimumVisualStudioVersion = 10.0.40219.1
Project("{FAE04EC0-301F-11D3-BF4B-00C04F79EFBC}") = "Swindom", "Swindom\Swindom.csproj", "{1271B84E-B9A0-4213-AE57-A531E229FFBC}"
EndProject
Global
	GlobalSection(SolutionConfigurationPlatforms) = preSolution
		Debug|Any CPU = Debug|Any CPU
		Release|Any CPU = Release|Any CPU
	EndGlobalSection
	GlobalSection(ProjectConfigurationPlatforms) = postSolution
		{1271B84E-B9A0-4213-AE57-A531E229FFBC}.Debug|Any CPU.ActiveCfg = Debug|Any CPU
		{1271B84E-B9A0-4213-AE57-A531E229FFBC}.Debug|Any CPU.Build.0 = Debug|Any CPU
		{1271B84E-B9A0-4213-AE57-A531E229FFBC}.Release|Any CPU.ActiveCfg = Release|Any CPU
		{1271B84E-B9A0-4213-AE57-A531E229FFBC}.Release|Any CPU.Build.0 = Release|Any CPU
	EndGlobalSection
	GlobalSection(SolutionProperties) = preSolution
		HideSolutionNode = FALSE
	EndGlobalSection
	GlobalSection(ExtensibilityGlobals) = postSolution
		SolutionGuid = {C1FE7DD3-B497-41A3-B5FE-A2EBC374884D}
	EndGlobalSection
EndGlobal
